
Microsoft Visual Studio Solution File, Format Version 12.00
# Visual Studio Version 17
VisualStudioVersion = 17.13.35931.197 d17.13
MinimumVisualStudioVersion = 10.0.40219.1
Project("{FAE04EC0-301F-11D3-BF4B-00C04F79EFBC}") = "PlaneGame", "PlaneGame\PlaneGame.csproj", "{B4BC845E-4B56-4421-85C7-6873DC3BF7F5}"
EndProject
Project("{FAE04EC0-301F-11D3-BF4B-00C04F79EFBC}") = "PlaneGame.Client", "PlaneGame.Client\PlaneGame.Client.csproj", "{EA5D414E-822D-49FA-B827-F9BBF7D233B4}"
EndProject
Global
	GlobalSection(SolutionConfigurationPlatforms) = preSolution
		Debug|Any CPU = Debug|Any CPU
		Release|Any CPU = Release|Any CPU
	EndGlobalSection
	GlobalSection(ProjectConfigurationPlatforms) = postSolution
		{B4BC845E-4B56-4421-85C7-6873DC3BF7F5}.Debug|Any CPU.ActiveCfg = Debug|Any CPU
		{B4BC845E-4B56-4421-85C7-6873DC3BF7F5}.Debug|Any CPU.Build.0 = Debug|Any CPU
		{B4BC845E-4B56-4421-85C7-6873DC3BF7F5}.Release|Any CPU.ActiveCfg = Release|Any CPU
		{B4BC845E-4B56-4421-85C7-6873DC3BF7F5}.Release|Any CPU.Build.0 = Release|Any CPU
		{EA5D414E-822D-49FA-B827-F9BBF7D233B4}.Debug|Any CPU.ActiveCfg = Debug|Any CPU
		{EA5D414E-822D-49FA-B827-F9BBF7D233B4}.Debug|Any CPU.Build.0 = Debug|Any CPU
		{EA5D414E-822D-49FA-B827-F9BBF7D233B4}.Release|Any CPU.ActiveCfg = Release|Any CPU
		{EA5D414E-822D-49FA-B827-F9BBF7D233B4}.Release|Any CPU.Build.0 = Release|Any CPU
	EndGlobalSection
	GlobalSection(SolutionProperties) = preSolution
		HideSolutionNode = FALSE
	EndGlobalSection
	GlobalSection(ExtensibilityGlobals) = postSolution
		SolutionGuid = {626D639F-3D99-4FC2-8782-46369039CAD1}
	EndGlobalSection
EndGlobal
